
Microsoft Visual Studio Solution File, Format Version 12.00
# Visual Studio Version 17
VisualStudioVersion = 17.10.34916.146
MinimumVisualStudioVersion = 10.0.40219.1
Project("{FAE04EC0-301F-11D3-BF4B-00C04F79EFBC}") = "Erenshor-Randomizer-Mod", "Erenshor-Randomizer-Mod\Erenshor-Randomizer-Mod.csproj", "{0C792B8C-C17D-455F-AFED-CE407DC9BB4B}"
EndProject
Global
	GlobalSection(SolutionConfigurationPlatforms) = preSolution
		Debug|Any CPU = Debug|Any CPU
		Release|Any CPU = Release|Any CPU
	EndGlobalSection
	GlobalSection(ProjectConfigurationPlatforms) = postSolution
		{0C792B8C-C17D-455F-AFED-CE407DC9BB4B}.Debug|Any CPU.ActiveCfg = Debug|Any CPU
		{0C792B8C-C17D-455F-AFED-CE407DC9BB4B}.Debug|Any CPU.Build.0 = Debug|Any CPU
		{0C792B8C-C17D-455F-AFED-CE407DC9BB4B}.Release|Any CPU.ActiveCfg = Release|Any CPU
		{0C792B8C-C17D-455F-AFED-CE407DC9BB4B}.Release|Any CPU.Build.0 = Release|Any CPU
	EndGlobalSection
	GlobalSection(SolutionProperties) = preSolution
		HideSolutionNode = FALSE
	EndGlobalSection
	GlobalSection(ExtensibilityGlobals) = postSolution
		SolutionGuid = {01D6807F-DC79-4BA5-9BB6-28AE5D7D2ACA}
	EndGlobalSection
EndGlobal
